# This file is automatically @generated by Poetry 1.8.3 and should not be changed by hand.

[[package]]
name = "tree-sitter"
version = "0.21.1"
description = "Python bindings for the Tree-Sitter parsing library"
optional = false
python-versions = ">=3.8"
files = [
    {file = "tree-sitter-0.21.1.tar.gz", hash = "sha256:fc830cea69fff71cdf28e57326eeb9460ae5ff70d1b5d4bba36b889b4ba0237f"},
    {file = "tree_sitter-0.21.1-cp310-cp310-macosx_10_9_x86_64.whl", hash = "sha256:5725ae76f460b25e62788257eac4b3cc86670f97485fbb19f27c6c8a62524db6"},
    {file = "tree_sitter-0.21.1-cp310-cp310-macosx_11_0_arm64.whl", hash = "sha256:a61817730c9ba0af2a3d646357946a89927ec1a59090ad6898f17cb646f71636"},
    {file = "tree_sitter-0.21.1-cp310-cp310-manylinux_2_17_x86_64.manylinux2014_x86_64.whl", hash = "sha256:941690e1ddec309f3cd4cf70d5e63310499f2fdec42913e271720da38f95ff77"},
    {file = "tree_sitter-0.21.1-cp310-cp310-musllinux_1_1_x86_64.whl", hash = "sha256:016ff1578df0f93605b94ffb385925d657371e411f4bd435281cfbb019f3bcf3"},
    {file = "tree_sitter-0.21.1-cp310-cp310-win_amd64.whl", hash = "sha256:d3085928e6ea5170728ea543d53426a4a19877ec67e8d835f754bda383887af6"},
    {file = "tree_sitter-0.21.1-cp311-cp311-macosx_10_9_x86_64.whl", hash = "sha256:797a57ba1c53162098a0ec23e3983ba2f7c5858fef427ee6560baa12c16288a9"},
    {file = "tree_sitter-0.21.1-cp311-cp311-macosx_11_0_arm64.whl", hash = "sha256:4bec17a7ea8c7d628b60abf8be1e9ede18fb6dac6aeab4c4f5b0f458404ad594"},
    {file = "tree_sitter-0.21.1-cp311-cp311-manylinux_2_17_x86_64.manylinux2014_x86_64.whl", hash = "sha256:2ba3e9218e375f35b0bdb284747d6d42282810601a0cc0565c681cc10d45fb1d"},
    {file = "tree_sitter-0.21.1-cp311-cp311-musllinux_1_1_x86_64.whl", hash = "sha256:08b9193de82e8029f42b05a618e4a99151133b5a0a746fa56070d37665f6181d"},
    {file = "tree_sitter-0.21.1-cp311-cp311-win_amd64.whl", hash = "sha256:dacf0bd3124aaa0e1474ce96a36276d90fd3a0cb581a5bc185ef0366f4617e47"},
    {file = "tree_sitter-0.21.1-cp312-cp312-macosx_10_9_x86_64.whl", hash = "sha256:88793e8e0b32c531cefcaa86c858d4c46079b629c9ec4ed264ba86337f9754b3"},
    {file = "tree_sitter-0.21.1-cp312-cp312-macosx_11_0_arm64.whl", hash = "sha256:5c02f8a8b8c463b5b0ce007d3568ce434f159a176cedc8a3eaa68ec745bc8f0d"},
    {file = "tree_sitter-0.21.1-cp312-cp312-manylinux_2_17_x86_64.manylinux2014_x86_64.whl", hash = "sha256:7c6879f6a7544c15f0e3e4185c391d09cf643a7664f251ccb97dde243cf6ba51"},
    {file = "tree_sitter-0.21.1-cp312-cp312-musllinux_1_1_x86_64.whl", hash = "sha256:9b4f029b04d267ed9dd0c78a816f92c28bfc4962194db5fbb6a6e2c83622fec2"},
    {file = "tree_sitter-0.21.1-cp312-cp312-win_amd64.whl", hash = "sha256:e9b32455d8f7151eb6a6a03541461e32107479a7dbc00fe1b1f93f899ce71234"},
    {file = "tree_sitter-0.21.1-cp38-cp38-macosx_10_9_x86_64.whl", hash = "sha256:96718b674f0e86c58d31d0f8507aa33b89af9381631f1a41c22231b6b0fc968a"},
    {file = "tree_sitter-0.21.1-cp38-cp38-macosx_11_0_arm64.whl", hash = "sha256:404dd04cc6506d3b3b9ff6e82de3afd51f50d9253a7dbaac175b02019bb6e3e9"},
    {file = "tree_sitter-0.21.1-cp38-cp38-manylinux_2_17_x86_64.manylinux2014_x86_64.whl", hash = "sha256:1c2e322b00eea3f77426778b72e06d692ffce18571b0c7b56dd5fefc23fb79dc"},
    {file = "tree_sitter-0.21.1-cp38-cp38-musllinux_1_1_x86_64.whl", hash = "sha256:1c3081556248a6149e49756491ad80cbbb6428bb6997120c857a01e6d8d426a6"},
    {file = "tree_sitter-0.21.1-cp38-cp38-win_amd64.whl", hash = "sha256:22c528609e8017c3b703472fe2e5e84c24d132cf9ce1cb19fc61d9f54037ceda"},
    {file = "tree_sitter-0.21.1-cp39-cp39-macosx_10_9_x86_64.whl", hash = "sha256:18544491bf2910e1587f67bcd568eeaf6de4a9d3b47c8018a724d4b97f96596b"},
    {file = "tree_sitter-0.21.1-cp39-cp39-macosx_11_0_arm64.whl", hash = "sha256:8023c3e4e8133db620c7779577c9cf2b81ae047e40ce132af7b49ad0470676ce"},
    {file = "tree_sitter-0.21.1-cp39-cp39-manylinux_2_17_x86_64.manylinux2014_x86_64.whl", hash = "sha256:38f5cf1ca75c9f874028bb4c0b4dfada1a39807286191dd8de67206971392d35"},
    {file = "tree_sitter-0.21.1-cp39-cp39-musllinux_1_1_x86_64.whl", hash = "sha256:5732e57f86037b5a95eeed8d59967b0c8f3534622c998ac0e49ffaab3dee9f8f"},
    {file = "tree_sitter-0.21.1-cp39-cp39-win_amd64.whl", hash = "sha256:001b3162586f2e87949fdee768d266510bd21ec87f5c10f0e8a6fe20f1232647"},
]

[[package]]
name = "tree-sitter-languages"
version = "1.10.2"
description = "Binary Python wheels for all tree sitter languages."
optional = false
python-versions = "*"
files = [
    {file = "tree_sitter_languages-1.10.2-cp310-cp310-macosx_10_9_x86_64.whl", hash = "sha256:5580348f0b20233b1d5431fa178ccd3d07423ca4a3275df02a44608fd72344b9"},
    {file = "tree_sitter_languages-1.10.2-cp310-cp310-macosx_11_0_arm64.whl", hash = "sha256:103c7466644486b1e9e03850df46fc6aa12f13ca636c74f173270276220ac80b"},
    {file = "tree_sitter_languages-1.10.2-cp310-cp310-manylinux_2_17_aarch64.manylinux2014_aarch64.whl", hash = "sha256:d13db84511c6f1a7dc40383b66deafa74dabd8b877e3d65ab253f3719eccafd6"},
    {file = "tree_sitter_languages-1.10.2-cp310-cp310-manylinux_2_17_i686.manylinux2014_i686.whl", hash = "sha256:57adfa32be7e465b54aa72f915f6c78a2b66b227df4f656b5d4fbd1ca7a92b3f"},
    {file = "tree_sitter_languages-1.10.2-cp310-cp310-manylinux_2_17_x86_64.manylinux2014_x86_64.whl", hash = "sha256:1c6385e033e460ceb8f33f3f940335f422ef2b763700a04f0089391a68b56153"},
    {file = "tree_sitter_languages-1.10.2-cp310-cp310-musllinux_1_1_aarch64.whl", hash = "sha256:dfa3f38cc5381c5aba01dd7494f59b8a9050e82ff6e06e1233e3a0cbae297e3c"},
    {file = "tree_sitter_languages-1.10.2-cp310-cp310-musllinux_1_1_i686.whl", hash = "sha256:9f195155acf47f8bc5de7cee46ecd07b2f5697f007ba89435b51ef4c0b953ea5"},
    {file = "tree_sitter_languages-1.10.2-cp310-cp310-musllinux_1_1_x86_64.whl", hash = "sha256:2de330e2ac6d7426ca025a3ec0f10d5640c3682c1d0c7702e812dcfb44b58120"},
    {file = "tree_sitter_languages-1.10.2-cp310-cp310-win32.whl", hash = "sha256:c9731cf745f135d9770eeba9bb4e2ff4dabc107b5ae9b8211e919f6b9100ea6d"},
    {file = "tree_sitter_languages-1.10.2-cp310-cp310-win_amd64.whl", hash = "sha256:6dd75851c41d0c3c4987a9b7692d90fa8848706c23115669d8224ffd6571e357"},
    {file = "tree_sitter_languages-1.10.2-cp311-cp311-macosx_10_9_x86_64.whl", hash = "sha256:7eb7d7542b2091c875fe52719209631fca36f8c10fa66970d2c576ae6a1b8289"},
    {file = "tree_sitter_languages-1.10.2-cp311-cp311-macosx_11_0_arm64.whl", hash = "sha256:6b41bcb00974b1c8a1800c7f1bb476a1d15a0463e760ee24872f2d53b08ee424"},
    {file = "tree_sitter_languages-1.10.2-cp311-cp311-manylinux_2_17_aarch64.manylinux2014_aarch64.whl", hash = "sha256:6f370cd7845c6c81df05680d5bd96db8a99d32b56f4728c5d05978911130a853"},
    {file = "tree_sitter_languages-1.10.2-cp311-cp311-manylinux_2_17_i686.manylinux2014_i686.whl", hash = "sha256:a1dc195c88ef4c72607e112a809a69190e096a2e5ebc6201548b3e05fdd169ad"},
    {file = "tree_sitter_languages-1.10.2-cp311-cp311-manylinux_2_17_x86_64.manylinux2014_x86_64.whl", hash = "sha256:9ae34ac314a7170be24998a0f994c1ac80761d8d4bd126af27ee53a023d3b849"},
    {file = "tree_sitter_languages-1.10.2-cp311-cp311-musllinux_1_1_aarch64.whl", hash = "sha256:01b5742d5f5bd675489486b582bd482215880b26dde042c067f8265a6e925d9c"},
    {file = "tree_sitter_languages-1.10.2-cp311-cp311-musllinux_1_1_i686.whl", hash = "sha256:ab1cbc46244d34fd16f21edaa20231b2a57f09f092a06ee3d469f3117e6eb954"},
    {file = "tree_sitter_languages-1.10.2-cp311-cp311-musllinux_1_1_x86_64.whl", hash = "sha256:0b1149e7467a4e92b8a70e6005fe762f880f493cf811fc003554b29f04f5e7c8"},
    {file = "tree_sitter_languages-1.10.2-cp311-cp311-win32.whl", hash = "sha256:049276343962f4696390ee555acc2c1a65873270c66a6cbe5cb0bca83bcdf3c6"},
    {file = "tree_sitter_languages-1.10.2-cp311-cp311-win_amd64.whl", hash = "sha256:7f3fdd468a577f04db3b63454d939e26e360229b53c80361920aa1ebf2cd7491"},
    {file = "tree_sitter_languages-1.10.2-cp312-cp312-macosx_10_9_x86_64.whl", hash = "sha256:c0f4c8b2734c45859edc7fcaaeaab97a074114111b5ba51ab4ec7ed52104763c"},
    {file = "tree_sitter_languages-1.10.2-cp312-cp312-macosx_11_0_arm64.whl", hash = "sha256:eecd3c1244ac3425b7a82ba9125b4ddb45d953bbe61de114c0334fd89b7fe782"},
    {file = "tree_sitter_languages-1.10.2-cp312-cp312-manylinux_2_17_aarch64.manylinux2014_aarch64.whl", hash = "sha256:15db3c8510bc39a80147ee7421bf4782c15c09581c1dc2237ea89cefbd95b846"},
    {file = "tree_sitter_languages-1.10.2-cp312-cp312-manylinux_2_17_i686.manylinux2014_i686.whl", hash = "sha256:92c6487a6feea683154d3e06e6db68c30e0ae749a7ce4ce90b9e4e46b78c85c7"},
    {file = "tree_sitter_languages-1.10.2-cp312-cp312-manylinux_2_17_x86_64.manylinux2014_x86_64.whl", hash = "sha256:6d2f1cd1d1bdd65332f9c2b67d49dcf148cf1ded752851d159ac3e5ee4f4d260"},
    {file = "tree_sitter_languages-1.10.2-cp312-cp312-musllinux_1_1_aarch64.whl", hash = "sha256:976c8039165b8e12f17a01ddee9f4e23ec6e352b165ad29b44d2bf04e2fbe77e"},
    {file = "tree_sitter_languages-1.10.2-cp312-cp312-musllinux_1_1_i686.whl", hash = "sha256:dafbbdf16bf668a580902e1620f4baa1913e79438abcce721a50647564c687b9"},
    {file = "tree_sitter_languages-1.10.2-cp312-cp312-musllinux_1_1_x86_64.whl", hash = "sha256:1aeabd3d60d6d276b73cd8f3739d595b1299d123cc079a317f1a5b3c5461e2ca"},
    {file = "tree_sitter_languages-1.10.2-cp312-cp312-win32.whl", hash = "sha256:fab8ee641914098e8933b87ea3d657bea4dd00723c1ee7038b847b12eeeef4f5"},
    {file = "tree_sitter_languages-1.10.2-cp312-cp312-win_amd64.whl", hash = "sha256:5e606430d736367e5787fa5a7a0c5a1ec9b85eded0b3596bbc0d83532a40810b"},
    {file = "tree_sitter_languages-1.10.2-cp37-cp37m-macosx_10_9_x86_64.whl", hash = "sha256:838d5b48a7ed7a17658721952c77fda4570d2a069f933502653b17e15a9c39c9"},
    {file = "tree_sitter_languages-1.10.2-cp37-cp37m-manylinux_2_17_aarch64.manylinux2014_aarch64.whl", hash = "sha256:987b3c71b1d278c2889e018ee77b8ee05c384e2e3334dec798f8b611c4ab2d1e"},
    {file = "tree_sitter_languages-1.10.2-cp37-cp37m-manylinux_2_17_i686.manylinux2014_i686.whl", hash = "sha256:faa00abcb2c819027df58472da055d22fa7dfcb77c77413d8500c32ebe24d38b"},
    {file = "tree_sitter_languages-1.10.2-cp37-cp37m-manylinux_2_17_x86_64.manylinux2014_x86_64.whl", hash = "sha256:0e102fbbf02322d9201a86a814e79a9734ac80679fdb9682144479044f401a73"},
    {file = "tree_sitter_languages-1.10.2-cp37-cp37m-musllinux_1_1_aarch64.whl", hash = "sha256:8f0b87cf1a7b03174ba18dfd81582be82bfed26803aebfe222bd20e444aba003"},
    {file = "tree_sitter_languages-1.10.2-cp37-cp37m-musllinux_1_1_i686.whl", hash = "sha256:c0f1b9af9cb67f0b942b020da9fdd000aad5e92f2383ae0ba7a330b318d31912"},
    {file = "tree_sitter_languages-1.10.2-cp37-cp37m-musllinux_1_1_x86_64.whl", hash = "sha256:5a4076c921f7a4d31e643843de7dfe040b65b63a238a5aa8d31d93aabe6572aa"},
    {file = "tree_sitter_languages-1.10.2-cp37-cp37m-win32.whl", hash = "sha256:fa6391a3a5d83d32db80815161237b67d70576f090ce5f38339206e917a6f8bd"},
    {file = "tree_sitter_languages-1.10.2-cp37-cp37m-win_amd64.whl", hash = "sha256:55649d3f254585a064121513627cf9788c1cfdadbc5f097f33d5ba750685a4c0"},
    {file = "tree_sitter_languages-1.10.2-cp38-cp38-macosx_10_9_x86_64.whl", hash = "sha256:6f85d1edaa2d22d80d4ea5b6d12b95cf3644017b6c227d0d42854439e02e8893"},
    {file = "tree_sitter_languages-1.10.2-cp38-cp38-macosx_11_0_arm64.whl", hash = "sha256:d78feed4a764ef3141cb54bf00fe94d514d8b6e26e09423e23b4c616fcb7938c"},
    {file = "tree_sitter_languages-1.10.2-cp38-cp38-manylinux_2_17_aarch64.manylinux2014_aarch64.whl", hash = "sha256:da1aca27531f9dd5308637d76643372856f0f65d0d28677d1bcf4211e8ed1ad0"},
    {file = "tree_sitter_languages-1.10.2-cp38-cp38-manylinux_2_17_i686.manylinux2014_i686.whl", hash = "sha256:1031ea440dafb72237437d754eff8940153a3b051e3d18932ac25e75ce060a15"},
    {file = "tree_sitter_languages-1.10.2-cp38-cp38-manylinux_2_17_x86_64.manylinux2014_x86_64.whl", hash = "sha256:99d3249beaef2c9fe558ecc9a97853c260433a849dcc68266d9770d196c2e102"},
    {file = "tree_sitter_languages-1.10.2-cp38-cp38-musllinux_1_1_aarch64.whl", hash = "sha256:59a4450f262a55148fb7e68681522f0c2a2f6b7d89666312a2b32708d8f416e1"},
    {file = "tree_sitter_languages-1.10.2-cp38-cp38-musllinux_1_1_i686.whl", hash = "sha256:ce74eab0e430370d5e15a96b6c6205f93405c177a8b2e71e1526643b2fb9bab1"},
    {file = "tree_sitter_languages-1.10.2-cp38-cp38-musllinux_1_1_x86_64.whl", hash = "sha256:9b4dd2b6b3d24c85dffe33d6c343448869eaf4f41c19ddba662eb5d65d8808f4"},
    {file = "tree_sitter_languages-1.10.2-cp38-cp38-win32.whl", hash = "sha256:92d734fb968fe3927a7596d9f0459f81a8fa7b07e16569476b28e27d0d753348"},
    {file = "tree_sitter_languages-1.10.2-cp38-cp38-win_amd64.whl", hash = "sha256:46a13f7d38f2eeb75f7cf127d1201346093748c270d686131f0cbc50e42870a1"},
    {file = "tree_sitter_languages-1.10.2-cp39-cp39-macosx_10_9_x86_64.whl", hash = "sha256:f8c6a936ae99fdd8857e91f86c11c2f5e507ff30631d141d98132bb7ab2c8638"},
    {file = "tree_sitter_languages-1.10.2-cp39-cp39-macosx_11_0_arm64.whl", hash = "sha256:c283a61423f49cdfa7b5a5dfbb39221e3bd126fca33479cd80749d4d7a6b7349"},
    {file = "tree_sitter_languages-1.10.2-cp39-cp39-manylinux_2_17_aarch64.manylinux2014_aarch64.whl", hash = "sha256:76e60be6bdcff923386a54a5edcb6ff33fc38ab0118636a762024fa2bc98de55"},
    {file = "tree_sitter_languages-1.10.2-cp39-cp39-manylinux_2_17_i686.manylinux2014_i686.whl", hash = "sha256:c00069f9575bd831eabcce2cdfab158dde1ed151e7e5614c2d985ff7d78a7de1"},
    {file = "tree_sitter_languages-1.10.2-cp39-cp39-manylinux_2_17_x86_64.manylinux2014_x86_64.whl", hash = "sha256:475ff53203d8a43ccb19bb322fa2fb200d764001cc037793f1fadd714bb343da"},
    {file = "tree_sitter_languages-1.10.2-cp39-cp39-musllinux_1_1_aarch64.whl", hash = "sha256:26fe7c9c412e4141dea87ea4b3592fd12e385465b5bdab106b0d5125754d4f60"},
    {file = "tree_sitter_languages-1.10.2-cp39-cp39-musllinux_1_1_i686.whl", hash = "sha256:8fed27319957458340f24fe14daad467cd45021da034eef583519f83113a8c5e"},
    {file = "tree_sitter_languages-1.10.2-cp39-cp39-musllinux_1_1_x86_64.whl", hash = "sha256:3657a491a7f96cc75a3568ddd062d25f3be82b6a942c68801a7b226ff7130181"},
    {file = "tree_sitter_languages-1.10.2-cp39-cp39-win32.whl", hash = "sha256:33f7d584d01a7a3c893072f34cfc64ec031f3cfe57eebc32da2f8ac046e101a7"},
    {file = "tree_sitter_languages-1.10.2-cp39-cp39-win_amd64.whl", hash = "sha256:1b944af3ee729fa70fc8ae82224a9ff597cdb63addea084e0ea2fa2b0ec39bb7"},
]

[package.dependencies]
tree-sitter = "*"

[metadata]
lock-version = "2.0"
python-versions = "^3.12"
content-hash = "704cf8e75f2edbfe684cb5feddbdc86ecaa87d5bfe17a3314bf53c0a336bac31"
